
Microsoft Visual Studio Solution File, Format Version 12.00
# Visual Studio Version 16
VisualStudioVersion = 16.0.30011.22
MinimumVisualStudioVersion = 10.0.40219.1
Project("{FAE04EC0-301F-11D3-BF4B-00C04F79EFBC}") = "CMPG223-POS", "CMPG223-POS\CMPG223-POS.csproj", "{994B3C20-1A82-40D2-BBCB-B875BFF59125}"
EndProject
Global
	GlobalSection(SolutionConfigurationPlatforms) = preSolution
		Debug|Any CPU = Debug|Any CPU
		Release|Any CPU = Release|Any CPU
	EndGlobalSection
	GlobalSection(ProjectConfigurationPlatforms) = postSolution
		{994B3C20-1A82-40D2-BBCB-B875BFF59125}.Debug|Any CPU.ActiveCfg = Debug|Any CPU
		{994B3C20-1A82-40D2-BBCB-B875BFF59125}.Debug|Any CPU.Build.0 = Debug|Any CPU
		{994B3C20-1A82-40D2-BBCB-B875BFF59125}.Release|Any CPU.ActiveCfg = Release|Any CPU
		{994B3C20-1A82-40D2-BBCB-B875BFF59125}.Release|Any CPU.Build.0 = Release|Any CPU
	EndGlobalSection
	GlobalSection(SolutionProperties) = preSolution
		HideSolutionNode = FALSE
	EndGlobalSection
	GlobalSection(ExtensibilityGlobals) = postSolution
		SolutionGuid = {4D44F9DA-9D18-485A-9635-4721C83887C1}
	EndGlobalSection
EndGlobal
